// !$*UTF8*$!
{
	archiveVersion = 1;
	classes = {
	};
	objectVersion = 52;
	objects = {

/* Begin PBXBuildFile section */
		35179B4A25FF76DD00618A8E /* IQKeyboardManagerSwift in Frameworks */ = {isa = PBXBuildFile; productRef = 35179B4925FF76DD00618A8E /* IQKeyboardManagerSwift */; };
		35179B5225FF775500618A8E /* SearchCollectionViewCell.swift in Sources */ = {isa = PBXBuildFile; fileRef = 35179B5025FF775500618A8E /* SearchCollectionViewCell.swift */; };
		35179B5325FF775500618A8E /* SearchCollectionViewCell.xib in Resources */ = {isa = PBXBuildFile; fileRef = 35179B5125FF775500618A8E /* SearchCollectionViewCell.xib */; };
		35179B5625FF786A00618A8E /* SearchViewController.swift in Sources */ = {isa = PBXBuildFile; fileRef = 35179B5525FF786A00618A8E /* SearchViewController.swift */; };
		35179B5B25FF926000618A8E /* Alamofire in Frameworks */ = {isa = PBXBuildFile; productRef = 35179B5A25FF926000618A8E /* Alamofire */; };
		35179B5F25FF927A00618A8E /* SwiftyJSON in Frameworks */ = {isa = PBXBuildFile; productRef = 35179B5E25FF927A00618A8E /* SwiftyJSON */; };
		3588A1B225F8F64A0064E249 /* AppDelegate.swift in Sources */ = {isa = PBXBuildFile; fileRef = 3588A1B125F8F64A0064E249 /* AppDelegate.swift */; };
		3588A1B425F8F64A0064E249 /* SceneDelegate.swift in Sources */ = {isa = PBXBuildFile; fileRef = 3588A1B325F8F64A0064E249 /* SceneDelegate.swift */; };
		3588A1B625F8F64A0064E249 /* MainViewController.swift in Sources */ = {isa = PBXBuildFile; fileRef = 3588A1B525F8F64A0064E249 /* MainViewController.swift */; };
		3588A1B925F8F64A0064E249 /* Main.storyboard in Resources */ = {isa = PBXBuildFile; fileRef = 3588A1B725F8F64A0064E249 /* Main.storyboard */; };
		3588A1BB25F8F64C0064E249 /* Assets.xcassets in Resources */ = {isa = PBXBuildFile; fileRef = 3588A1BA25F8F64C0064E249 /* Assets.xcassets */; };
		3588A1BE25F8F64C0064E249 /* LaunchScreen.storyboard in Resources */ = {isa = PBXBuildFile; fileRef = 3588A1BC25F8F64C0064E249 /* LaunchScreen.storyboard */; };
		35B92CB42600DDE000E9EE68 /* APIKEY.swift in Sources */ = {isa = PBXBuildFile; fileRef = 35B92CB32600DDE000E9EE68 /* APIKEY.swift */; };
/* End PBXBuildFile section */

/* Begin PBXFileReference section */
		35179B5025FF775500618A8E /* SearchCollectionViewCell.swift */ = {isa = PBXFileReference; lastKnownFileType = sourcecode.swift; path = SearchCollectionViewCell.swift; sourceTree = "<group>"; };
		35179B5125FF775500618A8E /* SearchCollectionViewCell.xib */ = {isa = PBXFileReference; lastKnownFileType = file.xib; path = SearchCollectionViewCell.xib; sourceTree = "<group>"; };
		35179B5525FF786A00618A8E /* SearchViewController.swift */ = {isa = PBXFileReference; lastKnownFileType = sourcecode.swift; path = SearchViewController.swift; sourceTree = "<group>"; };
		3588A1AE25F8F64A0064E249 /* ImageBrowser.app */ = {isa = PBXFileReference; explicitFileType = wrapper.application; includeInIndex = 0; path = ImageBrowser.app; sourceTree = BUILT_PRODUCTS_DIR; };
		3588A1B125F8F64A0064E249 /* AppDelegate.swift */ = {isa = PBXFileReference; lastKnownFileType = sourcecode.swift; path = AppDelegate.swift; sourceTree = "<group>"; };
		3588A1B325F8F64A0064E249 /* SceneDelegate.swift */ = {isa = PBXFileReference; lastKnownFileType = sourcecode.swift; path = SceneDelegate.swift; sourceTree = "<group>"; };
		3588A1B525F8F64A0064E249 /* MainViewController.swift */ = {isa = PBXFileReference; lastKnownFileType = sourcecode.swift; path = MainViewController.swift; sourceTree = "<group>"; };
		3588A1B825F8F64A0064E249 /* Base */ = {isa = PBXFileReference; lastKnownFileType = file.storyboard; name = Base; path = Base.lproj/Main.storyboard; sourceTree = "<group>"; };
		3588A1BA25F8F64C0064E249 /* Assets.xcassets */ = {isa = PBXFileReference; lastKnownFileType = folder.assetcatalog; path = Assets.xcassets; sourceTree = "<group>"; };
		3588A1BD25F8F64C0064E249 /* Base */ = {isa = PBXFileReference; lastKnownFileType = file.storyboard; name = Base; path = Base.lproj/LaunchScreen.storyboard; sourceTree = "<group>"; };
		3588A1BF25F8F64C0064E249 /* Info.plist */ = {isa = PBXFileReference; lastKnownFileType = text.plist.xml; path = Info.plist; sourceTree = "<group>"; };
		35B92CB32600DDE000E9EE68 /* APIKEY.swift */ = {isa = PBXFileReference; lastKnownFileType = sourcecode.swift; path = APIKEY.swift; sourceTree = "<group>"; };
/* End PBXFileReference section */

/* Begin PBXFrameworksBuildPhase section */
		3588A1AB25F8F64A0064E249 /* Frameworks */ = {
			isa = PBXFrameworksBuildPhase;
			buildActionMask = 2147483647;
			files = (
				35179B5F25FF927A00618A8E /* SwiftyJSON in Frameworks */,
				35179B4A25FF76DD00618A8E /* IQKeyboardManagerSwift in Frameworks */,
				35179B5B25FF926000618A8E /* Alamofire in Frameworks */,
			);
			runOnlyForDeploymentPostprocessing = 0;
		};
/* End PBXFrameworksBuildPhase section */

/* Begin PBXGroup section */
		35179B5825FF7CC800618A8E /* ViewControllers */ = {
			isa = PBXGroup;
			children = (
				3588A1B525F8F64A0064E249 /* MainViewController.swift */,
				35179B5525FF786A00618A8E /* SearchViewController.swift */,
			);
			path = ViewControllers;
			sourceTree = "<group>";
		};
		3588A1A525F8F64A0064E249 = {
			isa = PBXGroup;
			children = (
				3588A1B025F8F64A0064E249 /* ImageBrowser */,
				3588A1AF25F8F64A0064E249 /* Products */,
			);
			sourceTree = "<group>";
		};
		3588A1AF25F8F64A0064E249 /* Products */ = {
			isa = PBXGroup;
			children = (
				3588A1AE25F8F64A0064E249 /* ImageBrowser.app */,
			);
			name = Products;
			sourceTree = "<group>";
		};
		3588A1B025F8F64A0064E249 /* ImageBrowser */ = {
			isa = PBXGroup;
			children = (
				35179B5825FF7CC800618A8E /* ViewControllers */,
				3588A1B125F8F64A0064E249 /* AppDelegate.swift */,
				3588A1B325F8F64A0064E249 /* SceneDelegate.swift */,
				35179B5025FF775500618A8E /* SearchCollectionViewCell.swift */,
				35179B5125FF775500618A8E /* SearchCollectionViewCell.xib */,
				3588A1B725F8F64A0064E249 /* Main.storyboard */,
				3588A1BA25F8F64C0064E249 /* Assets.xcassets */,
				3588A1BC25F8F64C0064E249 /* LaunchScreen.storyboard */,
				3588A1BF25F8F64C0064E249 /* Info.plist */,
				35B92CB32600DDE000E9EE68 /* APIKEY.swift */,
			);
			path = ImageBrowser;
			sourceTree = "<group>";
		};
/* End PBXGroup section */

/* Begin PBXNativeTarget section */
		3588A1AD25F8F64A0064E249 /* ImageBrowser */ = {
			isa = PBXNativeTarget;
			buildConfigurationList = 3588A1C225F8F64C0064E249 /* Build configuration list for PBXNativeTarget "ImageBrowser" */;
			buildPhases = (
				3588A1AA25F8F64A0064E249 /* Sources */,
				3588A1AB25F8F64A0064E249 /* Frameworks */,
				3588A1AC25F8F64A0064E249 /* Resources */,
			);
			buildRules = (
			);
			dependencies = (
			);
			name = ImageBrowser;
			packageProductDependencies = (
				35179B4925FF76DD00618A8E /* IQKeyboardManagerSwift */,
				35179B5A25FF926000618A8E /* Alamofire */,
				35179B5E25FF927A00618A8E /* SwiftyJSON */,
			);
			productName = ImageBrowser;
			productReference = 3588A1AE25F8F64A0064E249 /* ImageBrowser.app */;
			productType = "com.apple.product-type.application";
		};
/* End PBXNativeTarget section */

/* Begin PBXProject section */
		3588A1A625F8F64A0064E249 /* Project object */ = {
			isa = PBXProject;
			attributes = {
				LastSwiftUpdateCheck = 1240;
				LastUpgradeCheck = 1240;
				TargetAttributes = {
					3588A1AD25F8F64A0064E249 = {
						CreatedOnToolsVersion = 12.4;
					};
				};
			};
			buildConfigurationList = 3588A1A925F8F64A0064E249 /* Build configuration list for PBXProject "ImageBrowser" */;
			compatibilityVersion = "Xcode 9.3";
			developmentRegion = en;
			hasScannedForEncodings = 0;
			knownRegions = (
				en,
				Base,
			);
			mainGroup = 3588A1A525F8F64A0064E249;
			packageReferences = (
				35179B4825FF76DD00618A8E /* XCRemoteSwiftPackageReference "IQKeyboardManager" */,
				35179B5925FF926000618A8E /* XCRemoteSwiftPackageReference "Alamofire" */,
				35179B5D25FF927A00618A8E /* XCRemoteSwiftPackageReference "SwiftyJSON" */,
			);
			productRefGroup = 3588A1AF25F8F64A0064E249 /* Products */;
			projectDirPath = "";
			projectRoot = "";
			targets = (
				3588A1AD25F8F64A0064E249 /* ImageBrowser */,
			);
		};
/* End PBXProject section */

/* Begin PBXResourcesBuildPhase section */
		3588A1AC25F8F64A0064E249 /* Resources */ = {
			isa = PBXResourcesBuildPhase;
			buildActionMask = 2147483647;
			files = (
				3588A1BE25F8F64C0064E249 /* LaunchScreen.storyboard in Resources */,
				3588A1BB25F8F64C0064E249 /* Assets.xcassets in Resources */,
				35179B5325FF775500618A8E /* SearchCollectionViewCell.xib in Resources */,
				3588A1B925F8F64A0064E249 /* Main.storyboard in Resources */,
			);
			runOnlyForDeploymentPostprocessing = 0;
		};
/* End PBXResourcesBuildPhase section */

/* Begin PBXSourcesBuildPhase section */
		3588A1AA25F8F64A0064E249 /* Sources */ = {
			isa = PBXSourcesBuildPhase;
			buildActionMask = 2147483647;
			files = (
				35B92CB42600DDE000E9EE68 /* APIKEY.swift in Sources */,
				35179B5625FF786A00618A8E /* SearchViewController.swift in Sources */,
				3588A1B625F8F64A0064E249 /* MainViewController.swift in Sources */,
				3588A1B225F8F64A0064E249 /* AppDelegate.swift in Sources */,
				35179B5225FF775500618A8E /* SearchCollectionViewCell.swift in Sources */,
				3588A1B425F8F64A0064E249 /* SceneDelegate.swift in Sources */,
			);
			runOnlyForDeploymentPostprocessing = 0;
		};
/* End PBXSourcesBuildPhase section */

/* Begin PBXVariantGroup section */
		3588A1B725F8F64A0064E249 /* Main.storyboard */ = {
			isa = PBXVariantGroup;
			children = (
				3588A1B825F8F64A0064E249 /* Base */,
			);
			name = Main.storyboard;
			sourceTree = "<group>";
		};
		3588A1BC25F8F64C0064E249 /* LaunchScreen.storyboard */ = {
			isa = PBXVariantGroup;
			children = (
				3588A1BD25F8F64C0064E249 /* Base */,
			);
			name = LaunchScreen.storyboard;
			sourceTree = "<group>";
		};
/* End PBXVariantGroup section */

/* Begin XCBuildConfiguration section */
		3588A1C025F8F64C0064E249 /* Debug */ = {
			isa = XCBuildConfiguration;
			buildSettings = {
				ALWAYS_SEARCH_USER_PATHS = NO;
				CLANG_ANALYZER_NONNULL = YES;
				CLANG_ANALYZER_NUMBER_OBJECT_CONVERSION = YES_AGGRESSIVE;
				CLANG_CXX_LANGUAGE_STANDARD = "gnu++14";
				CLANG_CXX_LIBRARY = "libc++";
				CLANG_ENABLE_MODULES = YES;
				CLANG_ENABLE_OBJC_ARC = YES;
				CLANG_ENABLE_OBJC_WEAK = YES;
				CLANG_WARN_BLOCK_CAPTURE_AUTORELEASING = YES;
				CLANG_WARN_BOOL_CONVERSION = YES;
				CLANG_WARN_COMMA = YES;
				CLANG_WARN_CONSTANT_CONVERSION = YES;
				CLANG_WARN_DEPRECATED_OBJC_IMPLEMENTATIONS = YES;
				CLANG_WARN_DIRECT_OBJC_ISA_USAGE = YES_ERROR;
				CLANG_WARN_DOCUMENTATION_COMMENTS = YES;
				CLANG_WARN_EMPTY_BODY = YES;
				CLANG_WARN_ENUM_CONVERSION = YES;
				CLANG_WARN_INFINITE_RECURSION = YES;
				CLANG_WARN_INT_CONVERSION = YES;
				CLANG_WARN_NON_LITERAL_NULL_CONVERSION = YES;
				CLANG_WARN_OBJC_IMPLICIT_RETAIN_SELF = YES;
				CLANG_WARN_OBJC_LITERAL_CONVERSION = YES;
				CLANG_WARN_OBJC_ROOT_CLASS = YES_ERROR;
				CLANG_WARN_QUOTED_INCLUDE_IN_FRAMEWORK_HEADER = YES;
				CLANG_WARN_RANGE_LOOP_ANALYSIS = YES;
				CLANG_WARN_STRICT_PROTOTYPES = YES;
				CLANG_WARN_SUSPICIOUS_MOVE = YES;
				CLANG_WARN_UNGUARDED_AVAILABILITY = YES_AGGRESSIVE;
				CLANG_WARN_UNREACHABLE_CODE = YES;
				CLANG_WARN__DUPLICATE_METHOD_MATCH = YES;
				COPY_PHASE_STRIP = NO;
				DEBUG_INFORMATION_FORMAT = dwarf;
				ENABLE_STRICT_OBJC_MSGSEND = YES;
				ENABLE_TESTABILITY = YES;
				GCC_C_LANGUAGE_STANDARD = gnu11;
				GCC_DYNAMIC_NO_PIC = NO;
				GCC_NO_COMMON_BLOCKS = YES;
				GCC_OPTIMIZATION_LEVEL = 0;
				GCC_PREPROCESSOR_DEFINITIONS = (
					"DEBUG=1",
					"$(inherited)",
				);
				GCC_WARN_64_TO_32_BIT_CONVERSION = YES;
				GCC_WARN_ABOUT_RETURN_TYPE = YES_ERROR;
				GCC_WARN_UNDECLARED_SELECTOR = YES;
				GCC_WARN_UNINITIALIZED_AUTOS = YES_AGGRESSIVE;
				GCC_WARN_UNUSED_FUNCTION = YES;
				GCC_WARN_UNUSED_VARIABLE = YES;
				IPHONEOS_DEPLOYMENT_TARGET = 14.4;
				MTL_ENABLE_DEBUG_INFO = INCLUDE_SOURCE;
				MTL_FAST_MATH = YES;
				ONLY_ACTIVE_ARCH = YES;
				SDKROOT = iphoneos;
				SWIFT_ACTIVE_COMPILATION_CONDITIONS = DEBUG;
				SWIFT_OPTIMIZATION_LEVEL = "-Onone";
			};
			name = Debug;
		};
		3588A1C125F8F64C0064E249 /* Release */ = {
			isa = XCBuildConfiguration;
			buildSettings = {
				ALWAYS_SEARCH_USER_PATHS = NO;
				CLANG_ANALYZER_NONNULL = YES;
				CLANG_ANALYZER_NUMBER_OBJECT_CONVERSION = YES_AGGRESSIVE;
				CLANG_CXX_LANGUAGE_STANDARD = "gnu++14";
				CLANG_CXX_LIBRARY = "libc++";
				CLANG_ENABLE_MODULES = YES;
				CLANG_ENABLE_OBJC_ARC = YES;
				CLANG_ENABLE_OBJC_WEAK = YES;
				CLANG_WARN_BLOCK_CAPTURE_AUTORELEASING = YES;
				CLANG_WARN_BOOL_CONVERSION = YES;
				CLANG_WARN_COMMA = YES;
				CLANG_WARN_CONSTANT_CONVERSION = YES;
				CLANG_WARN_DEPRECATED_OBJC_IMPLEMENTATIONS = YES;
				CLANG_WARN_DIRECT_OBJC_ISA_USAGE = YES_ERROR;
				CLANG_WARN_DOCUMENTATION_COMMENTS = YES;
				CLANG_WARN_EMPTY_BODY = YES;
				CLANG_WARN_ENUM_CONVERSION = YES;
				CLANG_WARN_INFINITE_RECURSION = YES;
				CLANG_WARN_INT_CONVERSION = YES;
				CLANG_WARN_NON_LITERAL_NULL_CONVERSION = YES;
				CLANG_WARN_OBJC_IMPLICIT_RETAIN_SELF = YES;
				CLANG_WARN_OBJC_LITERAL_CONVERSION = YES;
				CLANG_WARN_OBJC_ROOT_CLASS = YES_ERROR;
				CLANG_WARN_QUOTED_INCLUDE_IN_FRAMEWORK_HEADER = YES;
				CLANG_WARN_RANGE_LOOP_ANALYSIS = YES;
				CLANG_WARN_STRICT_PROTOTYPES = YES;
				CLANG_WARN_SUSPICIOUS_MOVE = YES;
				CLANG_WARN_UNGUARDED_AVAILABILITY = YES_AGGRESSIVE;
				CLANG_WARN_UNREACHABLE_CODE = YES;
				CLANG_WARN__DUPLICATE_METHOD_MATCH = YES;
				COPY_PHASE_STRIP = NO;
				DEBUG_INFORMATION_FORMAT = "dwarf-with-dsym";
				ENABLE_NS_ASSERTIONS = NO;
				ENABLE_STRICT_OBJC_MSGSEND = YES;
				GCC_C_LANGUAGE_STANDARD = gnu11;
				GCC_NO_COMMON_BLOCKS = YES;
				GCC_WARN_64_TO_32_BIT_CONVERSION = YES;
				GCC_WARN_ABOUT_RETURN_TYPE = YES_ERROR;
				GCC_WARN_UNDECLARED_SELECTOR = YES;
				GCC_WARN_UNINITIALIZED_AUTOS = YES_AGGRESSIVE;
				GCC_WARN_UNUSED_FUNCTION = YES;
				GCC_WARN_UNUSED_VARIABLE = YES;
				IPHONEOS_DEPLOYMENT_TARGET = 14.4;
				MTL_ENABLE_DEBUG_INFO = NO;
				MTL_FAST_MATH = YES;
				SDKROOT = iphoneos;
				SWIFT_COMPILATION_MODE = wholemodule;
				SWIFT_OPTIMIZATION_LEVEL = "-O";
				VALIDATE_PRODUCT = YES;
			};
			name = Release;
		};
		3588A1C325F8F64C0064E249 /* Debug */ = {
			isa = XCBuildConfiguration;
			buildSettings = {
				ASSETCATALOG_COMPILER_APPICON_NAME = AppIcon;
				ASSETCATALOG_COMPILER_GLOBAL_ACCENT_COLOR_NAME = AccentColor;
				CODE_SIGN_STYLE = Automatic;
				DEVELOPMENT_TEAM = LT5ZADXQMP;
				INFOPLIST_FILE = ImageBrowser/Info.plist;
				IPHONEOS_DEPLOYMENT_TARGET = 13.0;
				LD_RUNPATH_SEARCH_PATHS = (
					"$(inherited)",
					"@executable_path/Frameworks",
				);
				PRODUCT_BUNDLE_IDENTIFIER = com.dwkang.ImageBrowser;
				PRODUCT_NAME = "$(TARGET_NAME)";
				SWIFT_VERSION = 5.0;
				TARGETED_DEVICE_FAMILY = 1;
			};
			name = Debug;
		};
		3588A1C425F8F64C0064E249 /* Release */ = {
			isa = XCBuildConfiguration;
			buildSettings = {
				ASSETCATALOG_COMPILER_APPICON_NAME = AppIcon;
				ASSETCATALOG_COMPILER_GLOBAL_ACCENT_COLOR_NAME = AccentColor;
				CODE_SIGN_STYLE = Automatic;
				DEVELOPMENT_TEAM = LT5ZADXQMP;
				INFOPLIST_FILE = ImageBrowser/Info.plist;
				IPHONEOS_DEPLOYMENT_TARGET = 13.0;
				LD_RUNPATH_SEARCH_PATHS = (
					"$(inherited)",
					"@executable_path/Frameworks",
				);
				PRODUCT_BUNDLE_IDENTIFIER = com.dwkang.ImageBrowser;
				PRODUCT_NAME = "$(TARGET_NAME)";
				SWIFT_VERSION = 5.0;
				TARGETED_DEVICE_FAMILY = 1;
			};
			name = Release;
		};
/* End XCBuildConfiguration section */

/* Begin XCConfigurationList section */
		3588A1A925F8F64A0064E249 /* Build configuration list for PBXProject "ImageBrowser" */ = {
			isa = XCConfigurationList;
			buildConfigurations = (
				3588A1C025F8F64C0064E249 /* Debug */,
				3588A1C125F8F64C0064E249 /* Release */,
			);
			defaultConfigurationIsVisible = 0;
			defaultConfigurationName = Release;
		};
		3588A1C225F8F64C0064E249 /* Build configuration list for PBXNativeTarget "ImageBrowser" */ = {
			isa = XCConfigurationList;
			buildConfigurations = (
				3588A1C325F8F64C0064E249 /* Debug */,
				3588A1C425F8F64C0064E249 /* Release */,
			);
			defaultConfigurationIsVisible = 0;
			defaultConfigurationName = Release;
		};
/* End XCConfigurationList section */

/* Begin XCRemoteSwiftPackageReference section */
		35179B4825FF76DD00618A8E /* XCRemoteSwiftPackageReference "IQKeyboardManager" */ = {
			isa = XCRemoteSwiftPackageReference;
			repositoryURL = "https://github.com/hackiftekhar/IQKeyboardManager.git";
			requirement = {
				kind = upToNextMajorVersion;
				minimumVersion = 6.5.6;
			};
		};
		35179B5925FF926000618A8E /* XCRemoteSwiftPackageReference "Alamofire" */ = {
			isa = XCRemoteSwiftPackageReference;
			repositoryURL = "https://github.com/Alamofire/Alamofire.git";
			requirement = {
				kind = upToNextMajorVersion;
				minimumVersion = 5.4.1;
			};
		};
		35179B5D25FF927A00618A8E /* XCRemoteSwiftPackageReference "SwiftyJSON" */ = {
			isa = XCRemoteSwiftPackageReference;
			repositoryURL = "https://github.com/SwiftyJSON/SwiftyJSON.git";
			requirement = {
				kind = upToNextMajorVersion;
				minimumVersion = 5.0.0;
			};
		};
/* End XCRemoteSwiftPackageReference section */

/* Begin XCSwiftPackageProductDependency section */
		35179B4925FF76DD00618A8E /* IQKeyboardManagerSwift */ = {
			isa = XCSwiftPackageProductDependency;
			package = 35179B4825FF76DD00618A8E /* XCRemoteSwiftPackageReference "IQKeyboardManager" */;
			productName = IQKeyboardManagerSwift;
		};
		35179B5A25FF926000618A8E /* Alamofire */ = {
			isa = XCSwiftPackageProductDependency;
			package = 35179B5925FF926000618A8E /* XCRemoteSwiftPackageReference "Alamofire" */;
			productName = Alamofire;
		};
		35179B5E25FF927A00618A8E /* SwiftyJSON */ = {
			isa = XCSwiftPackageProductDependency;
			package = 35179B5D25FF927A00618A8E /* XCRemoteSwiftPackageReference "SwiftyJSON" */;
			productName = SwiftyJSON;
		};
/* End XCSwiftPackageProductDependency section */
	};
	rootObject = 3588A1A625F8F64A0064E249 /* Project object */;
}
